// !$*UTF8*$!
{
	archiveVersion = 1;
	classes = {
	};
	objectVersion = 46;
	objects = {

/* Begin PBXBuildFile section */
		9C0BAE371D543C9C003222BD /* main.m in Sources */ = {isa = PBXBuildFile; fileRef = 9C0BAE361D543C9C003222BD /* main.m */; };
		9C0BAE3A1D543C9D003222BD /* AppDelegate.m in Sources */ = {isa = PBXBuildFile; fileRef = 9C0BAE391D543C9D003222BD /* AppDelegate.m */; };
		9C0BAE3D1D543C9D003222BD /* MainViewController.m in Sources */ = {isa = PBXBuildFile; fileRef = 9C0BAE3C1D543C9D003222BD /* MainViewController.m */; };
		9C0BAE401D543C9D003222BD /* Main.storyboard in Resources */ = {isa = PBXBuildFile; fileRef = 9C0BAE3E1D543C9D003222BD /* Main.storyboard */; };
		9C0BAE431D543C9D003222BD /* Attendance.xcdatamodeld in Sources */ = {isa = PBXBuildFile; fileRef = 9C0BAE411D543C9D003222BD /* Attendance.xcdatamodeld */; };
		9C0BAE451D543C9D003222BD /* Assets.xcassets in Resources */ = {isa = PBXBuildFile; fileRef = 9C0BAE441D543C9D003222BD /* Assets.xcassets */; };
		9C0BAE481D543C9D003222BD /* LaunchScreen.storyboard in Resources */ = {isa = PBXBuildFile; fileRef = 9C0BAE461D543C9D003222BD /* LaunchScreen.storyboard */; };
		9C8B161C1D5442770065439B /* Attendee+CoreDataProperties.m in Sources */ = {isa = PBXBuildFile; fileRef = 9C8B16191D5442770065439B /* Attendee+CoreDataProperties.m */; };
		9C8B161D1D5442770065439B /* Attendee.m in Sources */ = {isa = PBXBuildFile; fileRef = 9C8B161B1D5442770065439B /* Attendee.m */; };
/* End PBXBuildFile section */

/* Begin PBXFileReference section */
		9C0BAE321D543C9C003222BD /* Attendance.app */ = {isa = PBXFileReference; explicitFileType = wrapper.application; includeInIndex = 0; path = Attendance.app; sourceTree = BUILT_PRODUCTS_DIR; };
		9C0BAE361D543C9C003222BD /* main.m */ = {isa = PBXFileReference; lastKnownFileType = sourcecode.c.objc; path = main.m; sourceTree = "<group>"; };
		9C0BAE381D543C9C003222BD /* AppDelegate.h */ = {isa = PBXFileReference; lastKnownFileType = sourcecode.c.h; path = AppDelegate.h; sourceTree = "<group>"; };
		9C0BAE391D543C9D003222BD /* AppDelegate.m */ = {isa = PBXFileReference; lastKnownFileType = sourcecode.c.objc; path = AppDelegate.m; sourceTree = "<group>"; };
		9C0BAE3B1D543C9D003222BD /* MainViewController.h */ = {isa = PBXFileReference; lastKnownFileType = sourcecode.c.h; path = MainViewController.h; sourceTree = "<group>"; };
		9C0BAE3C1D543C9D003222BD /* MainViewController.m */ = {isa = PBXFileReference; lastKnownFileType = sourcecode.c.objc; path = MainViewController.m; sourceTree = "<group>"; };
		9C0BAE3F1D543C9D003222BD /* Base */ = {isa = PBXFileReference; lastKnownFileType = file.storyboard; name = Base; path = Base.lproj/Main.storyboard; sourceTree = "<group>"; };
		9C0BAE421D543C9D003222BD /* Attendance.xcdatamodel */ = {isa = PBXFileReference; lastKnownFileType = wrapper.xcdatamodel; path = Attendance.xcdatamodel; sourceTree = "<group>"; };
		9C0BAE441D543C9D003222BD /* Assets.xcassets */ = {isa = PBXFileReference; lastKnownFileType = folder.assetcatalog; path = Assets.xcassets; sourceTree = "<group>"; };
		9C0BAE471D543C9D003222BD /* Base */ = {isa = PBXFileReference; lastKnownFileType = file.storyboard; name = Base; path = Base.lproj/LaunchScreen.storyboard; sourceTree = "<group>"; };
		9C0BAE491D543C9D003222BD /* Info.plist */ = {isa = PBXFileReference; lastKnownFileType = text.plist.xml; path = Info.plist; sourceTree = "<group>"; };
		9C8B16181D5442770065439B /* Attendee+CoreDataProperties.h */ = {isa = PBXFileReference; fileEncoding = 4; lastKnownFileType = sourcecode.c.h; path = "Attendee+CoreDataProperties.h"; sourceTree = "<group>"; };
		9C8B16191D5442770065439B /* Attendee+CoreDataProperties.m */ = {isa = PBXFileReference; fileEncoding = 4; lastKnownFileType = sourcecode.c.objc; path = "Attendee+CoreDataProperties.m"; sourceTree = "<group>"; };
		9C8B161A1D5442770065439B /* Attendee.h */ = {isa = PBXFileReference; fileEncoding = 4; lastKnownFileType = sourcecode.c.h; path = Attendee.h; sourceTree = "<group>"; };
		9C8B161B1D5442770065439B /* Attendee.m */ = {isa = PBXFileReference; fileEncoding = 4; lastKnownFileType = sourcecode.c.objc; path = Attendee.m; sourceTree = "<group>"; };
/* End PBXFileReference section */

/* Begin PBXFrameworksBuildPhase section */
		9C0BAE2F1D543C9C003222BD /* Frameworks */ = {
			isa = PBXFrameworksBuildPhase;
			buildActionMask = 2147483647;
			files = (
			);
			runOnlyForDeploymentPostprocessing = 0;
		};
/* End PBXFrameworksBuildPhase section */

/* Begin PBXGroup section */
		9C0BAE291D543C9C003222BD = {
			isa = PBXGroup;
			children = (
				9C0BAE341D543C9C003222BD /* Attendance */,
				9C0BAE331D543C9C003222BD /* Products */,
			);
			sourceTree = "<group>";
		};
		9C0BAE331D543C9C003222BD /* Products */ = {
			isa = PBXGroup;
			children = (
				9C0BAE321D543C9C003222BD /* Attendance.app */,
			);
			name = Products;
			sourceTree = "<group>";
		};
		9C0BAE341D543C9C003222BD /* Attendance */ = {
			isa = PBXGroup;
			children = (
				9C0BAE381D543C9C003222BD /* AppDelegate.h */,
				9C0BAE391D543C9D003222BD /* AppDelegate.m */,
				9C0BAE3B1D543C9D003222BD /* MainViewController.h */,
				9C0BAE3C1D543C9D003222BD /* MainViewController.m */,
				9C8B16181D5442770065439B /* Attendee+CoreDataProperties.h */,
				9C8B16191D5442770065439B /* Attendee+CoreDataProperties.m */,
				9C8B161A1D5442770065439B /* Attendee.h */,
				9C8B161B1D5442770065439B /* Attendee.m */,
				9C0BAE3E1D543C9D003222BD /* Main.storyboard */,
				9C0BAE441D543C9D003222BD /* Assets.xcassets */,
				9C0BAE461D543C9D003222BD /* LaunchScreen.storyboard */,
				9C0BAE491D543C9D003222BD /* Info.plist */,
				9C0BAE411D543C9D003222BD /* Attendance.xcdatamodeld */,
				9C0BAE351D543C9C003222BD /* Supporting Files */,
			);
			path = Attendance;
			sourceTree = "<group>";
		};
		9C0BAE351D543C9C003222BD /* Supporting Files */ = {
			isa = PBXGroup;
			children = (
				9C0BAE361D543C9C003222BD /* main.m */,
			);
			name = "Supporting Files";
			sourceTree = "<group>";
		};
/* End PBXGroup section */

/* Begin PBXNativeTarget section */
		9C0BAE311D543C9C003222BD /* Attendance */ = {
			isa = PBXNativeTarget;
			buildConfigurationList = 9C0BAE4C1D543C9D003222BD /* Build configuration list for PBXNativeTarget "Attendance" */;
			buildPhases = (
				9C0BAE2E1D543C9C003222BD /* Sources */,
				9C0BAE2F1D543C9C003222BD /* Frameworks */,
				9C0BAE301D543C9C003222BD /* Resources */,
			);
			buildRules = (
			);
			dependencies = (
			);
			name = Attendance;
			productName = Attendance;
			productReference = 9C0BAE321D543C9C003222BD /* Attendance.app */;
			productType = "com.apple.product-type.application";
		};
/* End PBXNativeTarget section */

/* Begin PBXProject section */
		9C0BAE2A1D543C9C003222BD /* Project object */ = {
			isa = PBXProject;
			attributes = {
				LastUpgradeCheck = 0730;
				ORGANIZATIONNAME = gallio;
				TargetAttributes = {
					9C0BAE311D543C9C003222BD = {
						CreatedOnToolsVersion = 7.3.1;
					};
				};
			};
			buildConfigurationList = 9C0BAE2D1D543C9C003222BD /* Build configuration list for PBXProject "Attendance" */;
			compatibilityVersion = "Xcode 3.2";
			developmentRegion = English;
			hasScannedForEncodings = 0;
			knownRegions = (
				en,
				Base,
			);
			mainGroup = 9C0BAE291D543C9C003222BD;
			productRefGroup = 9C0BAE331D543C9C003222BD /* Products */;
			projectDirPath = "";
			projectRoot = "";
			targets = (
				9C0BAE311D543C9C003222BD /* Attendance */,
			);
		};
/* End PBXProject section */

/* Begin PBXResourcesBuildPhase section */
		9C0BAE301D543C9C003222BD /* Resources */ = {
			isa = PBXResourcesBuildPhase;
			buildActionMask = 2147483647;
			files = (
				9C0BAE481D543C9D003222BD /* LaunchScreen.storyboard in Resources */,
				9C0BAE451D543C9D003222BD /* Assets.xcassets in Resources */,
				9C0BAE401D543C9D003222BD /* Main.storyboard in Resources */,
			);
			runOnlyForDeploymentPostprocessing = 0;
		};
/* End PBXResourcesBuildPhase section */

/* Begin PBXSourcesBuildPhase section */
		9C0BAE2E1D543C9C003222BD /* Sources */ = {
			isa = PBXSourcesBuildPhase;
			buildActionMask = 2147483647;
			files = (
				9C8B161C1D5442770065439B /* Attendee+CoreDataProperties.m in Sources */,
				9C0BAE3D1D543C9D003222BD /* MainViewController.m in Sources */,
				9C8B161D1D5442770065439B /* Attendee.m in Sources */,
				9C0BAE3A1D543C9D003222BD /* AppDelegate.m in Sources */,
				9C0BAE431D543C9D003222BD /* Attendance.xcdatamodeld in Sources */,
				9C0BAE371D543C9C003222BD /* main.m in Sources */,
			);
			runOnlyForDeploymentPostprocessing = 0;
		};
/* End PBXSourcesBuildPhase section */

/* Begin PBXVariantGroup section */
		9C0BAE3E1D543C9D003222BD /* Main.storyboard */ = {
			isa = PBXVariantGroup;
			children = (
				9C0BAE3F1D543C9D003222BD /* Base */,
			);
			name = Main.storyboard;
			sourceTree = "<group>";
		};
		9C0BAE461D543C9D003222BD /* LaunchScreen.storyboard */ = {
			isa = PBXVariantGroup;
			children = (
				9C0BAE471D543C9D003222BD /* Base */,
			);
			name = LaunchScreen.storyboard;
			sourceTree = "<group>";
		};
/* End PBXVariantGroup section */

/* Begin XCBuildConfiguration section */
		9C0BAE4A1D543C9D003222BD /* Debug */ = {
			isa = XCBuildConfiguration;
			buildSettings = {
				ALWAYS_SEARCH_USER_PATHS = NO;
				CLANG_ANALYZER_NONNULL = YES;
				CLANG_CXX_LANGUAGE_STANDARD = "gnu++0x";
				CLANG_CXX_LIBRARY = "libc++";
				CLANG_ENABLE_MODULES = YES;
				CLANG_ENABLE_OBJC_ARC = YES;
				CLANG_WARN_BOOL_CONVERSION = YES;
				CLANG_WARN_CONSTANT_CONVERSION = YES;
				CLANG_WARN_DIRECT_OBJC_ISA_USAGE = YES_ERROR;
				CLANG_WARN_EMPTY_BODY = YES;
				CLANG_WARN_ENUM_CONVERSION = YES;
				CLANG_WARN_INT_CONVERSION = YES;
				CLANG_WARN_OBJC_ROOT_CLASS = YES_ERROR;
				CLANG_WARN_UNREACHABLE_CODE = YES;
				CLANG_WARN__DUPLICATE_METHOD_MATCH = YES;
				"CODE_SIGN_IDENTITY[sdk=iphoneos*]" = "iPhone Developer";
				COPY_PHASE_STRIP = NO;
				DEBUG_INFORMATION_FORMAT = dwarf;
				ENABLE_STRICT_OBJC_MSGSEND = YES;
				ENABLE_TESTABILITY = YES;
				GCC_C_LANGUAGE_STANDARD = gnu99;
				GCC_DYNAMIC_NO_PIC = NO;
				GCC_NO_COMMON_BLOCKS = YES;
				GCC_OPTIMIZATION_LEVEL = 0;
				GCC_PREPROCESSOR_DEFINITIONS = (
					"DEBUG=1",
					"$(inherited)",
				);
				GCC_WARN_64_TO_32_BIT_CONVERSION = YES;
				GCC_WARN_ABOUT_RETURN_TYPE = YES_ERROR;
				GCC_WARN_UNDECLARED_SELECTOR = YES;
				GCC_WARN_UNINITIALIZED_AUTOS = YES_AGGRESSIVE;
				GCC_WARN_UNUSED_FUNCTION = YES;
				GCC_WARN_UNUSED_VARIABLE = YES;
				IPHONEOS_DEPLOYMENT_TARGET = 9.3;
				MTL_ENABLE_DEBUG_INFO = YES;
				ONLY_ACTIVE_ARCH = YES;
				SDKROOT = iphoneos;
				TARGETED_DEVICE_FAMILY = "1,2";
			};
			name = Debug;
		};
		9C0BAE4B1D543C9D003222BD /* Release */ = {
			isa = XCBuildConfiguration;
			buildSettings = {
				ALWAYS_SEARCH_USER_PATHS = NO;
				CLANG_ANALYZER_NONNULL = YES;
				CLANG_CXX_LANGUAGE_STANDARD = "gnu++0x";
				CLANG_CXX_LIBRARY = "libc++";
				CLANG_ENABLE_MODULES = YES;
				CLANG_ENABLE_OBJC_ARC = YES;
				CLANG_WARN_BOOL_CONVERSION = YES;
				CLANG_WARN_CONSTANT_CONVERSION = YES;
				CLANG_WARN_DIRECT_OBJC_ISA_USAGE = YES_ERROR;
				CLANG_WARN_EMPTY_BODY = YES;
				CLANG_WARN_ENUM_CONVERSION = YES;
				CLANG_WARN_INT_CONVERSION = YES;
				CLANG_WARN_OBJC_ROOT_CLASS = YES_ERROR;
				CLANG_WARN_UNREACHABLE_CODE = YES;
				CLANG_WARN__DUPLICATE_METHOD_MATCH = YES;
				"CODE_SIGN_IDENTITY[sdk=iphoneos*]" = "iPhone Developer";
				COPY_PHASE_STRIP = NO;
				DEBUG_INFORMATION_FORMAT = "dwarf-with-dsym";
				ENABLE_NS_ASSERTIONS = NO;
				ENABLE_STRICT_OBJC_MSGSEND = YES;
				GCC_C_LANGUAGE_STANDARD = gnu99;
				GCC_NO_COMMON_BLOCKS = YES;
				GCC_WARN_64_TO_32_BIT_CONVERSION = YES;
				GCC_WARN_ABOUT_RETURN_TYPE = YES_ERROR;
				GCC_WARN_UNDECLARED_SELECTOR = YES;
				GCC_WARN_UNINITIALIZED_AUTOS = YES_AGGRESSIVE;
				GCC_WARN_UNUSED_FUNCTION = YES;
				GCC_WARN_UNUSED_VARIABLE = YES;
				IPHONEOS_DEPLOYMENT_TARGET = 9.3;
				MTL_ENABLE_DEBUG_INFO = NO;
				SDKROOT = iphoneos;
				TARGETED_DEVICE_FAMILY = "1,2";
				VALIDATE_PRODUCT = YES;
			};
			name = Release;
		};
		9C0BAE4D1D543C9D003222BD /* Debug */ = {
			isa = XCBuildConfiguration;
			buildSettings = {
				ASSETCATALOG_COMPILER_APPICON_NAME = AppIcon;
				INFOPLIST_FILE = Attendance/Info.plist;
				LD_RUNPATH_SEARCH_PATHS = "$(inherited) @executable_path/Frameworks";
				PRODUCT_BUNDLE_IDENTIFIER = io.gall.Attendance;
				PRODUCT_NAME = "$(TARGET_NAME)";
			};
			name = Debug;
		};
		9C0BAE4E1D543C9D003222BD /* Release */ = {
			isa = XCBuildConfiguration;
			buildSettings = {
				ASSETCATALOG_COMPILER_APPICON_NAME = AppIcon;
				INFOPLIST_FILE = Attendance/Info.plist;
				LD_RUNPATH_SEARCH_PATHS = "$(inherited) @executable_path/Frameworks";
				PRODUCT_BUNDLE_IDENTIFIER = io.gall.Attendance;
				PRODUCT_NAME = "$(TARGET_NAME)";
			};
			name = Release;
		};
/* End XCBuildConfiguration section */

/* Begin XCConfigurationList section */
		9C0BAE2D1D543C9C003222BD /* Build configuration list for PBXProject "Attendance" */ = {
			isa = XCConfigurationList;
			buildConfigurations = (
				9C0BAE4A1D543C9D003222BD /* Debug */,
				9C0BAE4B1D543C9D003222BD /* Release */,
			);
			defaultConfigurationIsVisible = 0;
			defaultConfigurationName = Release;
		};
		9C0BAE4C1D543C9D003222BD /* Build configuration list for PBXNativeTarget "Attendance" */ = {
			isa = XCConfigurationList;
			buildConfigurations = (
				9C0BAE4D1D543C9D003222BD /* Debug */,
				9C0BAE4E1D543C9D003222BD /* Release */,
			);
			defaultConfigurationIsVisible = 0;
			defaultConfigurationName = Release;
		};
/* End XCConfigurationList section */

/* Begin XCVersionGroup section */
		9C0BAE411D543C9D003222BD /* Attendance.xcdatamodeld */ = {
			isa = XCVersionGroup;
			children = (
				9C0BAE421D543C9D003222BD /* Attendance.xcdatamodel */,
			);
			currentVersion = 9C0BAE421D543C9D003222BD /* Attendance.xcdatamodel */;
			path = Attendance.xcdatamodeld;
			sourceTree = "<group>";
			versionGroupType = wrapper.xcdatamodel;
		};
/* End XCVersionGroup section */
	};
	rootObject = 9C0BAE2A1D543C9C003222BD /* Project object */;
}
